{
  "object": {
    "pins": [
      {
        "package": "Async",
        "repositoryURL": "https://github.com/vapor/async.git",
        "state": {
          "branch": "beta",
          "revision": "3568f76bb140f9bdb1b992c2bcec7f86f28db14d",
          "version": null
        }
      },
      {
        "package": "Core",
        "repositoryURL": "https://github.com/vapor/core.git",
        "state": {
          "branch": "beta",
          "revision": "d48bfa80a4679175e1c1884e7f2b7957b0d9e55c",
          "version": null
        }
      }
    ]
  },
  "version": 1
}
