// !$*UTF8*$!
{
	archiveVersion = 1;
	classes = {
	};
	objectVersion = 46;
	objects = {

/* Begin PBXBuildFile section */
		3AABD9241C9F3C75000FE30F /* libSocksCore.dylib in Frameworks */ = {isa = PBXBuildFile; fileRef = "_____Product_SocksCore" /* libSocksCore.dylib */; };
		3AABD9251C9F3C75000FE30F /* libSocksCore.dylib in Frameworks */ = {isa = PBXBuildFile; fileRef = "_____Product_SocksCore" /* libSocksCore.dylib */; };
		3AABD9261C9F3C75000FE30F /* libSocksCore.dylib in Frameworks */ = {isa = PBXBuildFile; fileRef = "_____Product_SocksCore" /* libSocksCore.dylib */; };
		3AABD9271C9F3C75000FE30F /* libSocks.dylib in Frameworks */ = {isa = PBXBuildFile; fileRef = "_____Product_Socks" /* libSocks.dylib */; };
		3AABD9281C9F3C75000FE30F /* libSocksCore.dylib in Frameworks */ = {isa = PBXBuildFile; fileRef = "_____Product_SocksCore" /* libSocksCore.dylib */; };
		3AABD9291C9F3C75000FE30F /* libSocksCore.dylib in Frameworks */ = {isa = PBXBuildFile; fileRef = "_____Product_SocksCore" /* libSocksCore.dylib */; };
		3AABD92D1C9F3F79000FE30F /* ClientConnection.swift in Sources */ = {isa = PBXBuildFile; fileRef = 3AABD92C1C9F3F79000FE30F /* ClientConnection.swift */; };
		3AABD92F1C9F401D000FE30F /* Actor.swift in Sources */ = {isa = PBXBuildFile; fileRef = 3AABD92E1C9F401D000FE30F /* Actor.swift */; };
		3AABD9311C9F4259000FE30F /* SynchronousServer.swift in Sources */ = {isa = PBXBuildFile; fileRef = 3AABD9301C9F4259000FE30F /* SynchronousServer.swift */; };
		3AABD9331C9F4350000FE30F /* SynchronousTCPServer.swift in Sources */ = {isa = PBXBuildFile; fileRef = 3AABD9321C9F4350000FE30F /* SynchronousTCPServer.swift */; };
		4C07E0F31CA9719B008F7CF6 /* SocketFactory.swift in Sources */ = {isa = PBXBuildFile; fileRef = 4C07E0F21CA9719B008F7CF6 /* SocketFactory.swift */; };
		4CEA97711CB142DC00773120 /* AddressResolutionTest.swift in Sources */ = {isa = PBXBuildFile; fileRef = 4CEA97701CB142DC00773120 /* AddressResolutionTest.swift */; };
		_LinkFileRef_Socks /* libSocks.dylib in Frameworks */ = {isa = PBXBuildFile; fileRef = "_____Product_Socks" /* libSocks.dylib */; };
		_LinkFileRef_SocksCore /* libSocksCore.dylib in Frameworks */ = {isa = PBXBuildFile; fileRef = "_____Product_SocksCore" /* libSocksCore.dylib */; };
		__src_cc_ref_Sources/Socks/Client.swift /* Client.swift in Sources */ = {isa = PBXBuildFile; fileRef = __PBXFileRef_Sources/Socks/Client.swift /* Client.swift */; };
		__src_cc_ref_Sources/Socks/InternetActor.swift /* InternetActor.swift in Sources */ = {isa = PBXBuildFile; fileRef = __PBXFileRef_Sources/Socks/InternetActor.swift /* InternetActor.swift */; };
		__src_cc_ref_Sources/Socks/InternetClient.swift /* InternetClient.swift in Sources */ = {isa = PBXBuildFile; fileRef = __PBXFileRef_Sources/Socks/InternetClient.swift /* InternetClient.swift */; };
		__src_cc_ref_Sources/Socks/InternetServer.swift /* InternetServer.swift in Sources */ = {isa = PBXBuildFile; fileRef = __PBXFileRef_Sources/Socks/InternetServer.swift /* InternetServer.swift */; };
		__src_cc_ref_Sources/Socks/Server.swift /* Server.swift in Sources */ = {isa = PBXBuildFile; fileRef = __PBXFileRef_Sources/Socks/Server.swift /* Server.swift */; };
		__src_cc_ref_Sources/Socks/Socks.swift /* Socks.swift in Sources */ = {isa = PBXBuildFile; fileRef = __PBXFileRef_Sources/Socks/Socks.swift /* Socks.swift */; };
		__src_cc_ref_Sources/Socks/TCPClient.swift /* TCPClient.swift in Sources */ = {isa = PBXBuildFile; fileRef = __PBXFileRef_Sources/Socks/TCPClient.swift /* TCPClient.swift */; };
		__src_cc_ref_Sources/Socks/UDPClient.swift /* UDPClient.swift in Sources */ = {isa = PBXBuildFile; fileRef = __PBXFileRef_Sources/Socks/UDPClient.swift /* UDPClient.swift */; };
		"__src_cc_ref_Sources/SocksCore/Address+C.swift" /* Address+C.swift in Sources */ = {isa = PBXBuildFile; fileRef = "__PBXFileRef_Sources/SocksCore/Address+C.swift" /* Address+C.swift */; };
		__src_cc_ref_Sources/SocksCore/Address.swift /* Address.swift in Sources */ = {isa = PBXBuildFile; fileRef = __PBXFileRef_Sources/SocksCore/Address.swift /* Address.swift */; };
		__src_cc_ref_Sources/SocksCore/Bytes.swift /* Bytes.swift in Sources */ = {isa = PBXBuildFile; fileRef = __PBXFileRef_Sources/SocksCore/Bytes.swift /* Bytes.swift */; };
		__src_cc_ref_Sources/SocksCore/Conversions.swift /* Conversions.swift in Sources */ = {isa = PBXBuildFile; fileRef = __PBXFileRef_Sources/SocksCore/Conversions.swift /* Conversions.swift */; };
		__src_cc_ref_Sources/SocksCore/Error.swift /* Error.swift in Sources */ = {isa = PBXBuildFile; fileRef = __PBXFileRef_Sources/SocksCore/Error.swift /* Error.swift */; };
		"__src_cc_ref_Sources/SocksCore/InternetSocket+Client.swift" /* InternetSocket+Client.swift in Sources */ = {isa = PBXBuildFile; fileRef = "__PBXFileRef_Sources/SocksCore/InternetSocket+Client.swift" /* InternetSocket+Client.swift */; };
		"__src_cc_ref_Sources/SocksCore/InternetSocket+Server.swift" /* InternetSocket+Server.swift in Sources */ = {isa = PBXBuildFile; fileRef = "__PBXFileRef_Sources/SocksCore/InternetSocket+Server.swift" /* InternetSocket+Server.swift */; };
		__src_cc_ref_Sources/SocksCore/InternetSocket.swift /* InternetSocket.swift in Sources */ = {isa = PBXBuildFile; fileRef = __PBXFileRef_Sources/SocksCore/InternetSocket.swift /* InternetSocket.swift */; };
		"__src_cc_ref_Sources/SocksCore/Socket+Impl.swift" /* Socket+Impl.swift in Sources */ = {isa = PBXBuildFile; fileRef = "__PBXFileRef_Sources/SocksCore/Socket+Impl.swift" /* Socket+Impl.swift */; };
		__src_cc_ref_Sources/SocksCore/Socket.swift /* Socket.swift in Sources */ = {isa = PBXBuildFile; fileRef = __PBXFileRef_Sources/SocksCore/Socket.swift /* Socket.swift */; };
		__src_cc_ref_Sources/SocksCore/Types.swift /* Types.swift in Sources */ = {isa = PBXBuildFile; fileRef = __PBXFileRef_Sources/SocksCore/Types.swift /* Types.swift */; };
		__src_cc_ref_Sources/SocksCoreExampleClient/main.swift /* main.swift in Sources */ = {isa = PBXBuildFile; fileRef = __PBXFileRef_Sources/SocksCoreExampleClient/main.swift /* main.swift */; };
		__src_cc_ref_Sources/SocksCoreExampleServer/main.swift /* main.swift in Sources */ = {isa = PBXBuildFile; fileRef = __PBXFileRef_Sources/SocksCoreExampleServer/main.swift /* main.swift */; };
		__src_cc_ref_Sources/SocksExampleClient/main.swift /* main.swift in Sources */ = {isa = PBXBuildFile; fileRef = __PBXFileRef_Sources/SocksExampleClient/main.swift /* main.swift */; };
		__src_cc_ref_Sources/SocksExampleServer/main.swift /* main.swift in Sources */ = {isa = PBXBuildFile; fileRef = __PBXFileRef_Sources/SocksExampleServer/main.swift /* main.swift */; };
		__src_cc_ref_Tests/SocksCore/ConversionTests.swift /* ConversionTests.swift in Sources */ = {isa = PBXBuildFile; fileRef = __PBXFileRef_Tests/SocksCore/ConversionTests.swift /* ConversionTests.swift */; };
		__src_cc_ref_Tests/SocksCore/LiveTests.swift /* LiveTests.swift in Sources */ = {isa = PBXBuildFile; fileRef = __PBXFileRef_Tests/SocksCore/LiveTests.swift /* LiveTests.swift */; };
		__src_cc_ref_Tests/SocksCore/XCTestManifests.swift /* XCTestManifests.swift in Sources */ = {isa = PBXBuildFile; fileRef = __PBXFileRef_Tests/SocksCore/XCTestManifests.swift /* XCTestManifests.swift */; };
/* End PBXBuildFile section */

/* Begin PBXContainerItemProxy section */
		3AABD92A1C9F3C76000FE30F /* PBXContainerItemProxy */ = {
			isa = PBXContainerItemProxy;
			containerPortal = __RootObject_ /* Project object */;
			proxyType = 1;
			remoteGlobalIDString = "______Target_SocksCore";
			remoteInfo = SocksCore;
		};
		3AABD92B1C9F3C76000FE30F /* PBXContainerItemProxy */ = {
			isa = PBXContainerItemProxy;
			containerPortal = __RootObject_ /* Project object */;
			proxyType = 1;
			remoteGlobalIDString = "______Target_Socks";
			remoteInfo = Socks;
		};
/* End PBXContainerItemProxy section */

/* Begin PBXFileReference section */
		3AABD92C1C9F3F79000FE30F /* ClientConnection.swift */ = {isa = PBXFileReference; fileEncoding = 4; lastKnownFileType = sourcecode.swift; path = ClientConnection.swift; sourceTree = "<group>"; };
		3AABD92E1C9F401D000FE30F /* Actor.swift */ = {isa = PBXFileReference; fileEncoding = 4; lastKnownFileType = sourcecode.swift; path = Actor.swift; sourceTree = "<group>"; };
		3AABD9301C9F4259000FE30F /* SynchronousServer.swift */ = {isa = PBXFileReference; fileEncoding = 4; lastKnownFileType = sourcecode.swift; path = SynchronousServer.swift; sourceTree = "<group>"; };
		3AABD9321C9F4350000FE30F /* SynchronousTCPServer.swift */ = {isa = PBXFileReference; fileEncoding = 4; lastKnownFileType = sourcecode.swift; path = SynchronousTCPServer.swift; sourceTree = "<group>"; };
		4C07E0F21CA9719B008F7CF6 /* SocketFactory.swift */ = {isa = PBXFileReference; fileEncoding = 4; lastKnownFileType = sourcecode.swift; path = SocketFactory.swift; sourceTree = "<group>"; };
		4CEA97701CB142DC00773120 /* AddressResolutionTest.swift */ = {isa = PBXFileReference; fileEncoding = 4; lastKnownFileType = sourcecode.swift; path = AddressResolutionTest.swift; sourceTree = "<group>"; };
		__PBXFileRef_Sources/Socks/Client.swift /* Client.swift */ = {isa = PBXFileReference; lastKnownFileType = sourcecode.swift; path = Client.swift; sourceTree = "<group>"; };
		__PBXFileRef_Sources/Socks/InternetActor.swift /* InternetActor.swift */ = {isa = PBXFileReference; lastKnownFileType = sourcecode.swift; path = InternetActor.swift; sourceTree = "<group>"; };
		__PBXFileRef_Sources/Socks/InternetClient.swift /* InternetClient.swift */ = {isa = PBXFileReference; lastKnownFileType = sourcecode.swift; path = InternetClient.swift; sourceTree = "<group>"; };
		__PBXFileRef_Sources/Socks/InternetServer.swift /* InternetServer.swift */ = {isa = PBXFileReference; lastKnownFileType = sourcecode.swift; path = InternetServer.swift; sourceTree = "<group>"; };
		__PBXFileRef_Sources/Socks/Server.swift /* Server.swift */ = {isa = PBXFileReference; lastKnownFileType = sourcecode.swift; path = Server.swift; sourceTree = "<group>"; };
		__PBXFileRef_Sources/Socks/Socks.swift /* Socks.swift */ = {isa = PBXFileReference; lastKnownFileType = sourcecode.swift; path = Socks.swift; sourceTree = "<group>"; };
		__PBXFileRef_Sources/Socks/TCPClient.swift /* TCPClient.swift */ = {isa = PBXFileReference; lastKnownFileType = sourcecode.swift; path = TCPClient.swift; sourceTree = "<group>"; };
		__PBXFileRef_Sources/Socks/UDPClient.swift /* UDPClient.swift */ = {isa = PBXFileReference; lastKnownFileType = sourcecode.swift; path = UDPClient.swift; sourceTree = "<group>"; };
		"__PBXFileRef_Sources/SocksCore/Address+C.swift" /* Address+C.swift */ = {isa = PBXFileReference; lastKnownFileType = sourcecode.swift; path = "Address+C.swift"; sourceTree = "<group>"; };
		__PBXFileRef_Sources/SocksCore/Address.swift /* Address.swift */ = {isa = PBXFileReference; lastKnownFileType = sourcecode.swift; path = Address.swift; sourceTree = "<group>"; };
		__PBXFileRef_Sources/SocksCore/Bytes.swift /* Bytes.swift */ = {isa = PBXFileReference; lastKnownFileType = sourcecode.swift; path = Bytes.swift; sourceTree = "<group>"; };
		__PBXFileRef_Sources/SocksCore/Conversions.swift /* Conversions.swift */ = {isa = PBXFileReference; lastKnownFileType = sourcecode.swift; path = Conversions.swift; sourceTree = "<group>"; };
		__PBXFileRef_Sources/SocksCore/Error.swift /* Error.swift */ = {isa = PBXFileReference; lastKnownFileType = sourcecode.swift; path = Error.swift; sourceTree = "<group>"; };
		"__PBXFileRef_Sources/SocksCore/InternetSocket+Client.swift" /* InternetSocket+Client.swift */ = {isa = PBXFileReference; lastKnownFileType = sourcecode.swift; path = "InternetSocket+Client.swift"; sourceTree = "<group>"; };
		"__PBXFileRef_Sources/SocksCore/InternetSocket+Server.swift" /* InternetSocket+Server.swift */ = {isa = PBXFileReference; lastKnownFileType = sourcecode.swift; path = "InternetSocket+Server.swift"; sourceTree = "<group>"; };
		__PBXFileRef_Sources/SocksCore/InternetSocket.swift /* InternetSocket.swift */ = {isa = PBXFileReference; lastKnownFileType = sourcecode.swift; path = InternetSocket.swift; sourceTree = "<group>"; };
		"__PBXFileRef_Sources/SocksCore/Socket+Impl.swift" /* Socket+Impl.swift */ = {isa = PBXFileReference; lastKnownFileType = sourcecode.swift; path = "Socket+Impl.swift"; sourceTree = "<group>"; };
		__PBXFileRef_Sources/SocksCore/Socket.swift /* Socket.swift */ = {isa = PBXFileReference; lastKnownFileType = sourcecode.swift; path = Socket.swift; sourceTree = "<group>"; };
		__PBXFileRef_Sources/SocksCore/Types.swift /* Types.swift */ = {isa = PBXFileReference; lastKnownFileType = sourcecode.swift; path = Types.swift; sourceTree = "<group>"; };
		__PBXFileRef_Sources/SocksCoreExampleClient/main.swift /* main.swift */ = {isa = PBXFileReference; lastKnownFileType = sourcecode.swift; path = main.swift; sourceTree = "<group>"; };
		__PBXFileRef_Sources/SocksCoreExampleServer/main.swift /* main.swift */ = {isa = PBXFileReference; lastKnownFileType = sourcecode.swift; path = main.swift; sourceTree = "<group>"; };
		__PBXFileRef_Sources/SocksExampleClient/main.swift /* main.swift */ = {isa = PBXFileReference; lastKnownFileType = sourcecode.swift; path = main.swift; sourceTree = "<group>"; };
		__PBXFileRef_Sources/SocksExampleServer/main.swift /* main.swift */ = {isa = PBXFileReference; lastKnownFileType = sourcecode.swift; path = main.swift; sourceTree = "<group>"; };
		__PBXFileRef_Tests/SocksCore/ConversionTests.swift /* ConversionTests.swift */ = {isa = PBXFileReference; lastKnownFileType = sourcecode.swift; path = ConversionTests.swift; sourceTree = "<group>"; };
		__PBXFileRef_Tests/SocksCore/LiveTests.swift /* LiveTests.swift */ = {isa = PBXFileReference; lastKnownFileType = sourcecode.swift; path = LiveTests.swift; sourceTree = "<group>"; };
		__PBXFileRef_Tests/SocksCore/XCTestManifests.swift /* XCTestManifests.swift */ = {isa = PBXFileReference; lastKnownFileType = sourcecode.swift; path = XCTestManifests.swift; sourceTree = "<group>"; };
		"_____Product_Socks" /* libSocks.dylib */ = {isa = PBXFileReference; explicitFileType = "compiled.mach-o.dylib"; path = libSocks.dylib; sourceTree = BUILT_PRODUCTS_DIR; };
		"_____Product_SocksCore" /* libSocksCore.dylib */ = {isa = PBXFileReference; explicitFileType = "compiled.mach-o.dylib"; path = libSocksCore.dylib; sourceTree = BUILT_PRODUCTS_DIR; };
		"_____Product_SocksCoreExampleClient" /* SocksCoreExampleClient */ = {isa = PBXFileReference; explicitFileType = "compiled.mach-o.executable"; path = SocksCoreExampleClient; sourceTree = BUILT_PRODUCTS_DIR; };
		"_____Product_SocksCoreExampleServer" /* SocksCoreExampleServer */ = {isa = PBXFileReference; explicitFileType = "compiled.mach-o.executable"; path = SocksCoreExampleServer; sourceTree = BUILT_PRODUCTS_DIR; };
		"_____Product_SocksCoreTestSuite" /* SocksCore.testsuite.xctest */ = {isa = PBXFileReference; explicitFileType = wrapper.cfbundle; path = SocksCore.testsuite.xctest; sourceTree = BUILT_PRODUCTS_DIR; };
		"_____Product_SocksExampleClient" /* SocksExampleClient */ = {isa = PBXFileReference; explicitFileType = "compiled.mach-o.executable"; path = SocksExampleClient; sourceTree = BUILT_PRODUCTS_DIR; };
		"_____Product_SocksExampleServer" /* SocksExampleServer */ = {isa = PBXFileReference; explicitFileType = "compiled.mach-o.executable"; path = SocksExampleServer; sourceTree = BUILT_PRODUCTS_DIR; };
/* End PBXFileReference section */

/* Begin PBXFrameworksBuildPhase section */
		"___LinkPhase_Socks" /* Frameworks */ = {
			isa = PBXFrameworksBuildPhase;
			buildActionMask = 0;
			files = (
				_LinkFileRef_SocksCore /* libSocksCore.dylib in Frameworks */,
			);
			runOnlyForDeploymentPostprocessing = 0;
		};
		"___LinkPhase_SocksCore" /* Frameworks */ = {
			isa = PBXFrameworksBuildPhase;
			buildActionMask = 0;
			files = (
			);
			runOnlyForDeploymentPostprocessing = 0;
		};
		"___LinkPhase_SocksCoreExampleClient" /* Frameworks */ = {
			isa = PBXFrameworksBuildPhase;
			buildActionMask = 0;
			files = (
				3AABD9241C9F3C75000FE30F /* libSocksCore.dylib in Frameworks */,
			);
			runOnlyForDeploymentPostprocessing = 0;
		};
		"___LinkPhase_SocksCoreExampleServer" /* Frameworks */ = {
			isa = PBXFrameworksBuildPhase;
			buildActionMask = 0;
			files = (
				3AABD9251C9F3C75000FE30F /* libSocksCore.dylib in Frameworks */,
			);
			runOnlyForDeploymentPostprocessing = 0;
		};
		"___LinkPhase_SocksCoreTestSuite" /* Frameworks */ = {
			isa = PBXFrameworksBuildPhase;
			buildActionMask = 0;
			files = (
				3AABD9291C9F3C75000FE30F /* libSocksCore.dylib in Frameworks */,
			);
			runOnlyForDeploymentPostprocessing = 0;
		};
		"___LinkPhase_SocksExampleClient" /* Frameworks */ = {
			isa = PBXFrameworksBuildPhase;
			buildActionMask = 0;
			files = (
				_LinkFileRef_Socks /* libSocks.dylib in Frameworks */,
				3AABD9261C9F3C75000FE30F /* libSocksCore.dylib in Frameworks */,
			);
			runOnlyForDeploymentPostprocessing = 0;
		};
		"___LinkPhase_SocksExampleServer" /* Frameworks */ = {
			isa = PBXFrameworksBuildPhase;
			buildActionMask = 0;
			files = (
				3AABD9271C9F3C75000FE30F /* libSocks.dylib in Frameworks */,
				3AABD9281C9F3C75000FE30F /* libSocksCore.dylib in Frameworks */,
			);
			runOnlyForDeploymentPostprocessing = 0;
		};
/* End PBXFrameworksBuildPhase section */

/* Begin PBXGroup section */
		TestProducts_ /* Tests */ = {
			isa = PBXGroup;
			children = (
				"_____Product_SocksCoreTestSuite" /* SocksCore.testsuite.xctest */,
			);
			name = Tests;
			sourceTree = "<group>";
		};
		"___RootGroup_" = {
			isa = PBXGroup;
			children = (
				"_____Sources_" /* Sources */,
				"_______Tests_" /* Tests */,
				"____Products_" /* Products */,
			);
			sourceTree = "<group>";
		};
		"____Products_" /* Products */ = {
			isa = PBXGroup;
			children = (
				TestProducts_ /* Tests */,
				"_____Product_Socks" /* libSocks.dylib */,
				"_____Product_SocksCore" /* libSocksCore.dylib */,
				"_____Product_SocksCoreExampleClient" /* SocksCoreExampleClient */,
				"_____Product_SocksCoreExampleServer" /* SocksCoreExampleServer */,
				"_____Product_SocksExampleClient" /* SocksExampleClient */,
				"_____Product_SocksExampleServer" /* SocksExampleServer */,
			);
			name = Products;
			sourceTree = "<group>";
		};
		"_____Sources_" /* Sources */ = {
			isa = PBXGroup;
			children = (
				"_______Group_Socks" /* Socks */,
				"_______Group_SocksCore" /* SocksCore */,
				"_______Group_SocksCoreExampleClient" /* SocksCoreExampleClient */,
				"_______Group_SocksCoreExampleServer" /* SocksCoreExampleServer */,
				"_______Group_SocksExampleClient" /* SocksExampleClient */,
				"_______Group_SocksExampleServer" /* SocksExampleServer */,
			);
			name = Sources;
			sourceTree = "<group>";
		};
		"_______Group_Socks" /* Socks */ = {
			isa = PBXGroup;
			children = (
				__PBXFileRef_Sources/Socks/Socks.swift /* Socks.swift */,
				3AABD92E1C9F401D000FE30F /* Actor.swift */,
				__PBXFileRef_Sources/Socks/Client.swift /* Client.swift */,
				__PBXFileRef_Sources/Socks/Server.swift /* Server.swift */,
				__PBXFileRef_Sources/Socks/InternetActor.swift /* InternetActor.swift */,
				__PBXFileRef_Sources/Socks/InternetClient.swift /* InternetClient.swift */,
				__PBXFileRef_Sources/Socks/TCPClient.swift /* TCPClient.swift */,
				__PBXFileRef_Sources/Socks/UDPClient.swift /* UDPClient.swift */,
				__PBXFileRef_Sources/Socks/InternetServer.swift /* InternetServer.swift */,
				3AABD92C1C9F3F79000FE30F /* ClientConnection.swift */,
				3AABD9301C9F4259000FE30F /* SynchronousServer.swift */,
				3AABD9321C9F4350000FE30F /* SynchronousTCPServer.swift */,
				4C07E0F21CA9719B008F7CF6 /* SocketFactory.swift */,
			);
			name = Socks;
			path = ../Sources/Socks;
			sourceTree = "<group>";
		};
		"_______Group_SocksCore" /* SocksCore */ = {
			isa = PBXGroup;
			children = (
				"__PBXFileRef_Sources/SocksCore/Address+C.swift" /* Address+C.swift */,
				__PBXFileRef_Sources/SocksCore/Address.swift /* Address.swift */,
				__PBXFileRef_Sources/SocksCore/Bytes.swift /* Bytes.swift */,
				__PBXFileRef_Sources/SocksCore/Conversions.swift /* Conversions.swift */,
				__PBXFileRef_Sources/SocksCore/Error.swift /* Error.swift */,
				"__PBXFileRef_Sources/SocksCore/InternetSocket+Client.swift" /* InternetSocket+Client.swift */,
				"__PBXFileRef_Sources/SocksCore/InternetSocket+Server.swift" /* InternetSocket+Server.swift */,
				__PBXFileRef_Sources/SocksCore/InternetSocket.swift /* InternetSocket.swift */,
				"__PBXFileRef_Sources/SocksCore/Socket+Impl.swift" /* Socket+Impl.swift */,
				__PBXFileRef_Sources/SocksCore/Socket.swift /* Socket.swift */,
				__PBXFileRef_Sources/SocksCore/Types.swift /* Types.swift */,
			);
			name = SocksCore;
			path = ../Sources/SocksCore;
			sourceTree = "<group>";
		};
		"_______Group_SocksCoreExampleClient" /* SocksCoreExampleClient */ = {
			isa = PBXGroup;
			children = (
				__PBXFileRef_Sources/SocksCoreExampleClient/main.swift /* main.swift */,
			);
			name = SocksCoreExampleClient;
			path = ../Sources/SocksCoreExampleClient;
			sourceTree = "<group>";
		};
		"_______Group_SocksCoreExampleServer" /* SocksCoreExampleServer */ = {
			isa = PBXGroup;
			children = (
				__PBXFileRef_Sources/SocksCoreExampleServer/main.swift /* main.swift */,
			);
			name = SocksCoreExampleServer;
			path = ../Sources/SocksCoreExampleServer;
			sourceTree = "<group>";
		};
		"_______Group_SocksCoreTestSuite" /* SocksCore.testsuite */ = {
			isa = PBXGroup;
			children = (
				__PBXFileRef_Tests/SocksCore/ConversionTests.swift /* ConversionTests.swift */,
				__PBXFileRef_Tests/SocksCore/LiveTests.swift /* LiveTests.swift */,
				__PBXFileRef_Tests/SocksCore/XCTestManifests.swift /* XCTestManifests.swift */,
				4CEA97701CB142DC00773120 /* AddressResolutionTest.swift */,
			);
			name = SocksCore.testsuite;
			path = ../Tests/SocksCore;
			sourceTree = "<group>";
		};
		"_______Group_SocksExampleClient" /* SocksExampleClient */ = {
			isa = PBXGroup;
			children = (
				__PBXFileRef_Sources/SocksExampleClient/main.swift /* main.swift */,
			);
			name = SocksExampleClient;
			path = ../Sources/SocksExampleClient;
			sourceTree = "<group>";
		};
		"_______Group_SocksExampleServer" /* SocksExampleServer */ = {
			isa = PBXGroup;
			children = (
				__PBXFileRef_Sources/SocksExampleServer/main.swift /* main.swift */,
			);
			name = SocksExampleServer;
			path = ../Sources/SocksExampleServer;
			sourceTree = "<group>";
		};
		"_______Tests_" /* Tests */ = {
			isa = PBXGroup;
			children = (
				"_______Group_SocksCoreTestSuite" /* SocksCore.testsuite */,
			);
			name = Tests;
			sourceTree = "<group>";
		};
/* End PBXGroup section */

/* Begin PBXNativeTarget section */
		"______Target_Socks" /* Socks */ = {
			isa = PBXNativeTarget;
			buildConfigurationList = "_______Confs_Socks" /* Build configuration list for PBXNativeTarget "Socks" */;
			buildPhases = (
				CompilePhase_Socks /* Sources */,
				"___LinkPhase_Socks" /* Frameworks */,
			);
			buildRules = (
			);
			dependencies = (
				__Dependency_SocksCore /* PBXTargetDependency */,
			);
			name = Socks;
			productName = Socks;
			productReference = "_____Product_Socks" /* libSocks.dylib */;
			productType = "com.apple.product-type.library.dynamic";
		};
		"______Target_SocksCore" /* SocksCore */ = {
			isa = PBXNativeTarget;
			buildConfigurationList = "_______Confs_SocksCore" /* Build configuration list for PBXNativeTarget "SocksCore" */;
			buildPhases = (
				CompilePhase_SocksCore /* Sources */,
				"___LinkPhase_SocksCore" /* Frameworks */,
			);
			buildRules = (
			);
			dependencies = (
			);
			name = SocksCore;
			productName = SocksCore;
			productReference = "_____Product_SocksCore" /* libSocksCore.dylib */;
			productType = "com.apple.product-type.library.dynamic";
		};
		"______Target_SocksCoreExampleClient" /* SocksCoreExampleClient */ = {
			isa = PBXNativeTarget;
			buildConfigurationList = "_______Confs_SocksCoreExampleClient" /* Build configuration list for PBXNativeTarget "SocksCoreExampleClient" */;
			buildPhases = (
				CompilePhase_SocksCoreExampleClient /* Sources */,
				"___LinkPhase_SocksCoreExampleClient" /* Frameworks */,
			);
			buildRules = (
			);
			dependencies = (
				__Dependency_SocksCore /* PBXTargetDependency */,
			);
			name = SocksCoreExampleClient;
			productName = SocksCoreExampleClient;
			productReference = "_____Product_SocksCoreExampleClient" /* SocksCoreExampleClient */;
			productType = "com.apple.product-type.tool";
		};
		"______Target_SocksCoreExampleServer" /* SocksCoreExampleServer */ = {
			isa = PBXNativeTarget;
			buildConfigurationList = "_______Confs_SocksCoreExampleServer" /* Build configuration list for PBXNativeTarget "SocksCoreExampleServer" */;
			buildPhases = (
				CompilePhase_SocksCoreExampleServer /* Sources */,
				"___LinkPhase_SocksCoreExampleServer" /* Frameworks */,
			);
			buildRules = (
			);
			dependencies = (
				__Dependency_SocksCore /* PBXTargetDependency */,
			);
			name = SocksCoreExampleServer;
			productName = SocksCoreExampleServer;
			productReference = "_____Product_SocksCoreExampleServer" /* SocksCoreExampleServer */;
			productType = "com.apple.product-type.tool";
		};
		"______Target_SocksCoreTestSuite" /* SocksCore.testsuite */ = {
			isa = PBXNativeTarget;
			buildConfigurationList = "_______Confs_SocksCoreTestSuite" /* Build configuration list for PBXNativeTarget "SocksCore.testsuite" */;
			buildPhases = (
				CompilePhase_SocksCoreTestSuite /* Sources */,
				"___LinkPhase_SocksCoreTestSuite" /* Frameworks */,
			);
			buildRules = (
			);
			dependencies = (
				__Dependency_SocksCore /* PBXTargetDependency */,
			);
			name = SocksCore.testsuite;
			productName = SocksCoreTestSuite;
			productReference = "_____Product_SocksCoreTestSuite" /* SocksCore.testsuite.xctest */;
			productType = "com.apple.product-type.bundle.unit-test";
		};
		"______Target_SocksExampleClient" /* SocksExampleClient */ = {
			isa = PBXNativeTarget;
			buildConfigurationList = "_______Confs_SocksExampleClient" /* Build configuration list for PBXNativeTarget "SocksExampleClient" */;
			buildPhases = (
				CompilePhase_SocksExampleClient /* Sources */,
				"___LinkPhase_SocksExampleClient" /* Frameworks */,
			);
			buildRules = (
			);
			dependencies = (
				__Dependency_Socks /* PBXTargetDependency */,
			);
			name = SocksExampleClient;
			productName = SocksExampleClient;
			productReference = "_____Product_SocksExampleClient" /* SocksExampleClient */;
			productType = "com.apple.product-type.tool";
		};
		"______Target_SocksExampleServer" /* SocksExampleServer */ = {
			isa = PBXNativeTarget;
			buildConfigurationList = "_______Confs_SocksExampleServer" /* Build configuration list for PBXNativeTarget "SocksExampleServer" */;
			buildPhases = (
				CompilePhase_SocksExampleServer /* Sources */,
				"___LinkPhase_SocksExampleServer" /* Frameworks */,
			);
			buildRules = (
			);
			dependencies = (
				__Dependency_Socks /* PBXTargetDependency */,
			);
			name = SocksExampleServer;
			productName = SocksExampleServer;
			productReference = "_____Product_SocksExampleServer" /* SocksExampleServer */;
			productType = "com.apple.product-type.tool";
		};
/* End PBXNativeTarget section */

/* Begin PBXProject section */
		__RootObject_ /* Project object */ = {
			isa = PBXProject;
			attributes = {
				LastUpgradeCheck = 9999;
			};
			buildConfigurationList = "___RootConfs_" /* Build configuration list for PBXProject "Socks" */;
			compatibilityVersion = "Xcode 3.2";
			developmentRegion = English;
			hasScannedForEncodings = 0;
			knownRegions = (
				en,
			);
			mainGroup = "___RootGroup_";
			productRefGroup = "____Products_" /* Products */;
			projectDirPath = "";
			projectRoot = "";
			targets = (
				"______Target_Socks" /* Socks */,
				"______Target_SocksCore" /* SocksCore */,
				"______Target_SocksCoreExampleClient" /* SocksCoreExampleClient */,
				"______Target_SocksCoreExampleServer" /* SocksCoreExampleServer */,
				"______Target_SocksExampleClient" /* SocksExampleClient */,
				"______Target_SocksExampleServer" /* SocksExampleServer */,
				"______Target_SocksCoreTestSuite" /* SocksCore.testsuite */,
			);
		};
/* End PBXProject section */

/* Begin PBXSourcesBuildPhase section */
		CompilePhase_Socks /* Sources */ = {
			isa = PBXSourcesBuildPhase;
			buildActionMask = 0;
			files = (
				__src_cc_ref_Sources/Socks/Client.swift /* Client.swift in Sources */,
				__src_cc_ref_Sources/Socks/InternetActor.swift /* InternetActor.swift in Sources */,
				__src_cc_ref_Sources/Socks/InternetClient.swift /* InternetClient.swift in Sources */,
				__src_cc_ref_Sources/Socks/InternetServer.swift /* InternetServer.swift in Sources */,
				3AABD9311C9F4259000FE30F /* SynchronousServer.swift in Sources */,
				__src_cc_ref_Sources/Socks/Server.swift /* Server.swift in Sources */,
				__src_cc_ref_Sources/Socks/Socks.swift /* Socks.swift in Sources */,
				3AABD92D1C9F3F79000FE30F /* ClientConnection.swift in Sources */,
				__src_cc_ref_Sources/Socks/TCPClient.swift /* TCPClient.swift in Sources */,
				__src_cc_ref_Sources/Socks/UDPClient.swift /* UDPClient.swift in Sources */,
				4C07E0F31CA9719B008F7CF6 /* SocketFactory.swift in Sources */,
				3AABD9331C9F4350000FE30F /* SynchronousTCPServer.swift in Sources */,
				3AABD92F1C9F401D000FE30F /* Actor.swift in Sources */,
			);
			runOnlyForDeploymentPostprocessing = 0;
		};
		CompilePhase_SocksCore /* Sources */ = {
			isa = PBXSourcesBuildPhase;
			buildActionMask = 0;
			files = (
				"__src_cc_ref_Sources/SocksCore/Address+C.swift" /* Address+C.swift in Sources */,
				__src_cc_ref_Sources/SocksCore/Address.swift /* Address.swift in Sources */,
				__src_cc_ref_Sources/SocksCore/Bytes.swift /* Bytes.swift in Sources */,
				__src_cc_ref_Sources/SocksCore/Conversions.swift /* Conversions.swift in Sources */,
				__src_cc_ref_Sources/SocksCore/Error.swift /* Error.swift in Sources */,
				"__src_cc_ref_Sources/SocksCore/InternetSocket+Client.swift" /* InternetSocket+Client.swift in Sources */,
				"__src_cc_ref_Sources/SocksCore/InternetSocket+Server.swift" /* InternetSocket+Server.swift in Sources */,
				__src_cc_ref_Sources/SocksCore/InternetSocket.swift /* InternetSocket.swift in Sources */,
				"__src_cc_ref_Sources/SocksCore/Socket+Impl.swift" /* Socket+Impl.swift in Sources */,
				__src_cc_ref_Sources/SocksCore/Socket.swift /* Socket.swift in Sources */,
				__src_cc_ref_Sources/SocksCore/Types.swift /* Types.swift in Sources */,
			);
			runOnlyForDeploymentPostprocessing = 0;
		};
		CompilePhase_SocksCoreExampleClient /* Sources */ = {
			isa = PBXSourcesBuildPhase;
			buildActionMask = 0;
			files = (
				__src_cc_ref_Sources/SocksCoreExampleClient/main.swift /* main.swift in Sources */,
			);
			runOnlyForDeploymentPostprocessing = 0;
		};
		CompilePhase_SocksCoreExampleServer /* Sources */ = {
			isa = PBXSourcesBuildPhase;
			buildActionMask = 0;
			files = (
				__src_cc_ref_Sources/SocksCoreExampleServer/main.swift /* main.swift in Sources */,
			);
			runOnlyForDeploymentPostprocessing = 0;
		};
		CompilePhase_SocksCoreTestSuite /* Sources */ = {
			isa = PBXSourcesBuildPhase;
			buildActionMask = 0;
			files = (
				4CEA97711CB142DC00773120 /* AddressResolutionTest.swift in Sources */,
				__src_cc_ref_Tests/SocksCore/ConversionTests.swift /* ConversionTests.swift in Sources */,
				__src_cc_ref_Tests/SocksCore/LiveTests.swift /* LiveTests.swift in Sources */,
				__src_cc_ref_Tests/SocksCore/XCTestManifests.swift /* XCTestManifests.swift in Sources */,
			);
			runOnlyForDeploymentPostprocessing = 0;
		};
		CompilePhase_SocksExampleClient /* Sources */ = {
			isa = PBXSourcesBuildPhase;
			buildActionMask = 0;
			files = (
				__src_cc_ref_Sources/SocksExampleClient/main.swift /* main.swift in Sources */,
			);
			runOnlyForDeploymentPostprocessing = 0;
		};
		CompilePhase_SocksExampleServer /* Sources */ = {
			isa = PBXSourcesBuildPhase;
			buildActionMask = 0;
			files = (
				__src_cc_ref_Sources/SocksExampleServer/main.swift /* main.swift in Sources */,
			);
			runOnlyForDeploymentPostprocessing = 0;
		};
/* End PBXSourcesBuildPhase section */

/* Begin PBXTargetDependency section */
		__Dependency_Socks /* PBXTargetDependency */ = {
			isa = PBXTargetDependency;
			target = "______Target_Socks" /* Socks */;
			targetProxy = 3AABD92B1C9F3C76000FE30F /* PBXContainerItemProxy */;
		};
		__Dependency_SocksCore /* PBXTargetDependency */ = {
			isa = PBXTargetDependency;
			target = "______Target_SocksCore" /* SocksCore */;
			targetProxy = 3AABD92A1C9F3C76000FE30F /* PBXContainerItemProxy */;
		};
/* End PBXTargetDependency section */

/* Begin XCBuildConfiguration section */
		_ReleaseConf_Socks /* Release */ = {
			isa = XCBuildConfiguration;
			buildSettings = {
				COMBINE_HIDPI_IMAGES = YES;
				DYLIB_INSTALL_NAME_BASE = "$(CONFIGURATION_BUILD_DIR)";
				ENABLE_TESTABILITY = YES;
				LD_RUNPATH_SEARCH_PATHS = "/Users/honzadvorsky/Documents/swift-repos/build/Ninja-DebugAssert/usr/lib/swift/macosx";
				MACOSX_DEPLOYMENT_TARGET = 10.10;
				OTHER_SWIFT_FLAGS = "-DXcode";
				PRODUCT_MODULE_NAME = Socks;
				PRODUCT_NAME = "lib$(TARGET_NAME)";
			};
			name = Release;
		};
		_ReleaseConf_SocksCore /* Release */ = {
			isa = XCBuildConfiguration;
			buildSettings = {
				COMBINE_HIDPI_IMAGES = YES;
				DYLIB_INSTALL_NAME_BASE = "$(CONFIGURATION_BUILD_DIR)";
				ENABLE_TESTABILITY = YES;
				LD_RUNPATH_SEARCH_PATHS = "/Users/honzadvorsky/Documents/swift-repos/build/Ninja-DebugAssert/usr/lib/swift/macosx";
				MACOSX_DEPLOYMENT_TARGET = 10.10;
				OTHER_SWIFT_FLAGS = "-DXcode";
				PRODUCT_MODULE_NAME = SocksCore;
				PRODUCT_NAME = "lib$(TARGET_NAME)";
			};
			name = Release;
		};
		_ReleaseConf_SocksCoreExampleClient /* Release */ = {
			isa = XCBuildConfiguration;
			buildSettings = {
				COMBINE_HIDPI_IMAGES = YES;
				LD_RUNPATH_SEARCH_PATHS = "/Library/Developer/Toolchains/swift-DEVELOPMENT-SNAPSHOT-2016-03-24-a.xctoolchain/usr/lib/swift/macosx/";
				MACOSX_DEPLOYMENT_TARGET = 10.10;
				OTHER_SWIFT_FLAGS = "-DXcode";
				PRODUCT_MODULE_NAME = SocksCoreExampleClient;
				PRODUCT_NAME = "$(TARGET_NAME)";
				SWIFT_FORCE_DYNAMIC_LINK_STDLIB = YES;
				SWIFT_FORCE_STATIC_LINK_STDLIB = NO;
			};
			name = Release;
		};
		_ReleaseConf_SocksCoreExampleServer /* Release */ = {
			isa = XCBuildConfiguration;
			buildSettings = {
				COMBINE_HIDPI_IMAGES = YES;
				LD_RUNPATH_SEARCH_PATHS = "/Library/Developer/Toolchains/swift-DEVELOPMENT-SNAPSHOT-2016-03-24-a.xctoolchain/usr/lib/swift/macosx/";
				MACOSX_DEPLOYMENT_TARGET = 10.10;
				OTHER_SWIFT_FLAGS = "-DXcode";
				PRODUCT_MODULE_NAME = SocksCoreExampleServer;
				PRODUCT_NAME = "$(TARGET_NAME)";
				SWIFT_FORCE_DYNAMIC_LINK_STDLIB = YES;
				SWIFT_FORCE_STATIC_LINK_STDLIB = NO;
			};
			name = Release;
		};
		_ReleaseConf_SocksCoreTestSuite /* Release */ = {
			isa = XCBuildConfiguration;
			buildSettings = {
				COMBINE_HIDPI_IMAGES = YES;
				EMBEDDED_CONTENT_CONTAINS_SWIFT = YES;
				LD_RUNPATH_SEARCH_PATHS = "@loader_path/../Frameworks";
				MACOSX_DEPLOYMENT_TARGET = 10.10;
				OTHER_SWIFT_FLAGS = "-DXcode";
				PRODUCT_MODULE_NAME = SocksCoreTestSuite;
				PRODUCT_NAME = "$(TARGET_NAME)";
			};
			name = Release;
		};
		_ReleaseConf_SocksExampleClient /* Release */ = {
			isa = XCBuildConfiguration;
			buildSettings = {
				COMBINE_HIDPI_IMAGES = YES;
				LD_RUNPATH_SEARCH_PATHS = "/Library/Developer/Toolchains/swift-DEVELOPMENT-SNAPSHOT-2016-03-24-a.xctoolchain/usr/lib/swift/macosx/";
				MACOSX_DEPLOYMENT_TARGET = 10.10;
				OTHER_SWIFT_FLAGS = "-DXcode";
				PRODUCT_MODULE_NAME = SocksExampleClient;
				PRODUCT_NAME = "$(TARGET_NAME)";
				SWIFT_FORCE_DYNAMIC_LINK_STDLIB = YES;
				SWIFT_FORCE_STATIC_LINK_STDLIB = NO;
			};
			name = Release;
		};
		_ReleaseConf_SocksExampleServer /* Release */ = {
			isa = XCBuildConfiguration;
			buildSettings = {
				COMBINE_HIDPI_IMAGES = YES;
				LD_RUNPATH_SEARCH_PATHS = "/Library/Developer/Toolchains/swift-DEVELOPMENT-SNAPSHOT-2016-03-24-a.xctoolchain/usr/lib/swift/macosx/";
				MACOSX_DEPLOYMENT_TARGET = 10.10;
				OTHER_SWIFT_FLAGS = "-DXcode";
				PRODUCT_MODULE_NAME = SocksExampleServer;
				PRODUCT_NAME = "$(TARGET_NAME)";
				SWIFT_FORCE_DYNAMIC_LINK_STDLIB = YES;
				SWIFT_FORCE_STATIC_LINK_STDLIB = NO;
			};
			name = Release;
		};
		"___DebugConf_Socks" /* Debug */ = {
			isa = XCBuildConfiguration;
			buildSettings = {
				COMBINE_HIDPI_IMAGES = YES;
				DYLIB_INSTALL_NAME_BASE = "$(CONFIGURATION_BUILD_DIR)";
				ENABLE_TESTABILITY = YES;
				LD_RUNPATH_SEARCH_PATHS = "/Users/honzadvorsky/Documents/swift-repos/build/Ninja-DebugAssert/usr/lib/swift/macosx";
				MACOSX_DEPLOYMENT_TARGET = 10.10;
				OTHER_SWIFT_FLAGS = "-DXcode";
				PRODUCT_MODULE_NAME = Socks;
				PRODUCT_NAME = "lib$(TARGET_NAME)";
				SWIFT_OPTIMIZATION_LEVEL = "-Onone";
			};
			name = Debug;
		};
		"___DebugConf_SocksCore" /* Debug */ = {
			isa = XCBuildConfiguration;
			buildSettings = {
				COMBINE_HIDPI_IMAGES = YES;
				DYLIB_INSTALL_NAME_BASE = "$(CONFIGURATION_BUILD_DIR)";
				ENABLE_TESTABILITY = YES;
				LD_RUNPATH_SEARCH_PATHS = "/Users/honzadvorsky/Documents/swift-repos/build/Ninja-DebugAssert/usr/lib/swift/macosx";
				MACOSX_DEPLOYMENT_TARGET = 10.10;
				OTHER_SWIFT_FLAGS = "-DXcode";
				PRODUCT_MODULE_NAME = SocksCore;
				PRODUCT_NAME = "lib$(TARGET_NAME)";
				SWIFT_OPTIMIZATION_LEVEL = "-Onone";
			};
			name = Debug;
		};
		"___DebugConf_SocksCoreExampleClient" /* Debug */ = {
			isa = XCBuildConfiguration;
			buildSettings = {
				COMBINE_HIDPI_IMAGES = YES;
				LD_RUNPATH_SEARCH_PATHS = "/Library/Developer/Toolchains/swift-DEVELOPMENT-SNAPSHOT-2016-03-24-a.xctoolchain/usr/lib/swift/macosx/";
				MACOSX_DEPLOYMENT_TARGET = 10.10;
				OTHER_SWIFT_FLAGS = "-DXcode";
				PRODUCT_MODULE_NAME = SocksCoreExampleClient;
				PRODUCT_NAME = "$(TARGET_NAME)";
				SWIFT_FORCE_DYNAMIC_LINK_STDLIB = YES;
				SWIFT_FORCE_STATIC_LINK_STDLIB = NO;
				SWIFT_OPTIMIZATION_LEVEL = "-Onone";
			};
			name = Debug;
		};
		"___DebugConf_SocksCoreExampleServer" /* Debug */ = {
			isa = XCBuildConfiguration;
			buildSettings = {
				COMBINE_HIDPI_IMAGES = YES;
				LD_RUNPATH_SEARCH_PATHS = "/Library/Developer/Toolchains/swift-DEVELOPMENT-SNAPSHOT-2016-03-24-a.xctoolchain/usr/lib/swift/macosx/";
				MACOSX_DEPLOYMENT_TARGET = 10.10;
				OTHER_SWIFT_FLAGS = "-DXcode";
				PRODUCT_MODULE_NAME = SocksCoreExampleServer;
				PRODUCT_NAME = "$(TARGET_NAME)";
				SWIFT_FORCE_DYNAMIC_LINK_STDLIB = YES;
				SWIFT_FORCE_STATIC_LINK_STDLIB = NO;
				SWIFT_OPTIMIZATION_LEVEL = "-Onone";
			};
			name = Debug;
		};
		"___DebugConf_SocksCoreTestSuite" /* Debug */ = {
			isa = XCBuildConfiguration;
			buildSettings = {
				COMBINE_HIDPI_IMAGES = YES;
				EMBEDDED_CONTENT_CONTAINS_SWIFT = YES;
				LD_RUNPATH_SEARCH_PATHS = "@loader_path/../Frameworks";
				MACOSX_DEPLOYMENT_TARGET = 10.10;
				OTHER_SWIFT_FLAGS = "-DXcode";
				PRODUCT_MODULE_NAME = SocksCoreTestSuite;
				PRODUCT_NAME = "$(TARGET_NAME)";
				SWIFT_OPTIMIZATION_LEVEL = "-Onone";
			};
			name = Debug;
		};
		"___DebugConf_SocksExampleClient" /* Debug */ = {
			isa = XCBuildConfiguration;
			buildSettings = {
				COMBINE_HIDPI_IMAGES = YES;
				LD_RUNPATH_SEARCH_PATHS = "/Library/Developer/Toolchains/swift-DEVELOPMENT-SNAPSHOT-2016-03-24-a.xctoolchain/usr/lib/swift/macosx/";
				MACOSX_DEPLOYMENT_TARGET = 10.10;
				OTHER_SWIFT_FLAGS = "-DXcode";
				PRODUCT_MODULE_NAME = SocksExampleClient;
				PRODUCT_NAME = "$(TARGET_NAME)";
				SWIFT_FORCE_DYNAMIC_LINK_STDLIB = YES;
				SWIFT_FORCE_STATIC_LINK_STDLIB = NO;
				SWIFT_OPTIMIZATION_LEVEL = "-Onone";
			};
			name = Debug;
		};
		"___DebugConf_SocksExampleServer" /* Debug */ = {
			isa = XCBuildConfiguration;
			buildSettings = {
				COMBINE_HIDPI_IMAGES = YES;
				LD_RUNPATH_SEARCH_PATHS = "/Library/Developer/Toolchains/swift-DEVELOPMENT-SNAPSHOT-2016-03-24-a.xctoolchain/usr/lib/swift/macosx/";
				MACOSX_DEPLOYMENT_TARGET = 10.10;
				OTHER_SWIFT_FLAGS = "-DXcode";
				PRODUCT_MODULE_NAME = SocksExampleServer;
				PRODUCT_NAME = "$(TARGET_NAME)";
				SWIFT_FORCE_DYNAMIC_LINK_STDLIB = YES;
				SWIFT_FORCE_STATIC_LINK_STDLIB = NO;
				SWIFT_OPTIMIZATION_LEVEL = "-Onone";
			};
			name = Debug;
		};
		"_____Release_" /* Release */ = {
			isa = XCBuildConfiguration;
			buildSettings = {
			};
			name = Release;
		};
		"_______Debug_" /* Debug */ = {
			isa = XCBuildConfiguration;
			buildSettings = {
			};
			name = Debug;
		};
/* End XCBuildConfiguration section */

/* Begin XCConfigurationList section */
		"___RootConfs_" /* Build configuration list for PBXProject "Socks" */ = {
			isa = XCConfigurationList;
			buildConfigurations = (
				"_______Debug_" /* Debug */,
				"_____Release_" /* Release */,
			);
			defaultConfigurationIsVisible = 0;
			defaultConfigurationName = Debug;
		};
		"_______Confs_Socks" /* Build configuration list for PBXNativeTarget "Socks" */ = {
			isa = XCConfigurationList;
			buildConfigurations = (
				"___DebugConf_Socks" /* Debug */,
				_ReleaseConf_Socks /* Release */,
			);
			defaultConfigurationIsVisible = 0;
			defaultConfigurationName = Debug;
		};
		"_______Confs_SocksCore" /* Build configuration list for PBXNativeTarget "SocksCore" */ = {
			isa = XCConfigurationList;
			buildConfigurations = (
				"___DebugConf_SocksCore" /* Debug */,
				_ReleaseConf_SocksCore /* Release */,
			);
			defaultConfigurationIsVisible = 0;
			defaultConfigurationName = Debug;
		};
		"_______Confs_SocksCoreExampleClient" /* Build configuration list for PBXNativeTarget "SocksCoreExampleClient" */ = {
			isa = XCConfigurationList;
			buildConfigurations = (
				"___DebugConf_SocksCoreExampleClient" /* Debug */,
				_ReleaseConf_SocksCoreExampleClient /* Release */,
			);
			defaultConfigurationIsVisible = 0;
			defaultConfigurationName = Debug;
		};
		"_______Confs_SocksCoreExampleServer" /* Build configuration list for PBXNativeTarget "SocksCoreExampleServer" */ = {
			isa = XCConfigurationList;
			buildConfigurations = (
				"___DebugConf_SocksCoreExampleServer" /* Debug */,
				_ReleaseConf_SocksCoreExampleServer /* Release */,
			);
			defaultConfigurationIsVisible = 0;
			defaultConfigurationName = Debug;
		};
		"_______Confs_SocksCoreTestSuite" /* Build configuration list for PBXNativeTarget "SocksCore.testsuite" */ = {
			isa = XCConfigurationList;
			buildConfigurations = (
				"___DebugConf_SocksCoreTestSuite" /* Debug */,
				_ReleaseConf_SocksCoreTestSuite /* Release */,
			);
			defaultConfigurationIsVisible = 0;
			defaultConfigurationName = Debug;
		};
		"_______Confs_SocksExampleClient" /* Build configuration list for PBXNativeTarget "SocksExampleClient" */ = {
			isa = XCConfigurationList;
			buildConfigurations = (
				"___DebugConf_SocksExampleClient" /* Debug */,
				_ReleaseConf_SocksExampleClient /* Release */,
			);
			defaultConfigurationIsVisible = 0;
			defaultConfigurationName = Debug;
		};
		"_______Confs_SocksExampleServer" /* Build configuration list for PBXNativeTarget "SocksExampleServer" */ = {
			isa = XCConfigurationList;
			buildConfigurations = (
				"___DebugConf_SocksExampleServer" /* Debug */,
				_ReleaseConf_SocksExampleServer /* Release */,
			);
			defaultConfigurationIsVisible = 0;
			defaultConfigurationName = Debug;
		};
/* End XCConfigurationList section */
	};
	rootObject = __RootObject_ /* Project object */;
}
